# This file was autogenerated by Stack.
# You should not edit this file by hand.
# For more information, please see the documentation at:
#   https://docs.haskellstack.org/en/stable/lock_files

packages: []
snapshots:
- completed:
    size: 511608
    url: https://raw.githubusercontent.com/commercialhaskell/stackage-snapshots/master/nightly/2019/6/9.yaml
    sha256: ac6df4d736ddf66b32478b418d0ce10e67d3cd1d06393d4de4a5efc3c7fa4fec
  original: nightly-2019-06-09
