# This file was autogenerated by Stack.
# You should not edit this file by hand.
# For more information, please see the documentation at:
#   https://docs.haskellstack.org/en/stable/lock_files

packages: []
snapshots:
- completed:
    size: 509106
    url: https://raw.githubusercontent.com/commercialhaskell/stackage-snapshots/master/nightly/2020/4/2.yaml
    sha256: 54f8df6c0d2a191bc3850730da676c935deda63e5f17a9fec999663c0f71be27
  original: nightly-2020-04-02
